
Microsoft Visual Studio Solution File, Format Version 12.00
# Visual Studio Version 17
VisualStudioVersion = 17.11.35312.102
MinimumVisualStudioVersion = 10.0.40219.1
Project("{FAE04EC0-301F-11D3-BF4B-00C04F79EFBC}") = "Marian_Melisa_Lab2", "Marian_Melisa_Lab2.csproj", "{3FC67FE9-34BA-4FFC-9512-8AACA83CEFAD}"
EndProject
Global
	GlobalSection(SolutionConfigurationPlatforms) = preSolution
		Debug|Any CPU = Debug|Any CPU
		Release|Any CPU = Release|Any CPU
	EndGlobalSection
	GlobalSection(ProjectConfigurationPlatforms) = postSolution
		{3FC67FE9-34BA-4FFC-9512-8AACA83CEFAD}.Debug|Any CPU.ActiveCfg = Debug|Any CPU
		{3FC67FE9-34BA-4FFC-9512-8AACA83CEFAD}.Debug|Any CPU.Build.0 = Debug|Any CPU
		{3FC67FE9-34BA-4FFC-9512-8AACA83CEFAD}.Release|Any CPU.ActiveCfg = Release|Any CPU
		{3FC67FE9-34BA-4FFC-9512-8AACA83CEFAD}.Release|Any CPU.Build.0 = Release|Any CPU
	EndGlobalSection
	GlobalSection(SolutionProperties) = preSolution
		HideSolutionNode = FALSE
	EndGlobalSection
	GlobalSection(ExtensibilityGlobals) = postSolution
		SolutionGuid = {F43028BC-32D0-47B5-91B7-0DEFF41365AD}
	EndGlobalSection
EndGlobal
